
Microsoft Visual Studio Solution File, Format Version 12.00
# Visual Studio Version 17
VisualStudioVersion = 17.0.31903.59
MinimumVisualStudioVersion = 10.0.40219.1
Project("{2150E333-8FDC-42A3-9474-1A3956D46DE8}") = "src", "src", "{4024AF9B-9423-46E7-BBF3-DE727D92C60D}"
EndProject
Project("{FAE04EC0-301F-11D3-BF4B-00C04F79EFBC}") = "MigrationAssistant.Functions.QueryLoader", "src\MigrationAssistant.Functions.QueryLoader\MigrationAssistant.Functions.QueryLoader.csproj", "{93F31930-E2A8-4A6A-A9DB-A106F85AE0C8}"
EndProject
Project("{FAE04EC0-301F-11D3-BF4B-00C04F79EFBC}") = "MigrationAssistant.Functions.QueryExecutor", "src\MigrationAssistant.Functions.QueryExecutor\MigrationAssistant.Functions.QueryExecutor.csproj", "{106A854B-9990-4F8A-88B1-D145C2BF73DA}"
EndProject
Project("{2150E333-8FDC-42A3-9474-1A3956D46DE8}") = "test", "test", "{CC805768-1205-4460-80FC-3991CBC1A536}"
EndProject
Project("{FAE04EC0-301F-11D3-BF4B-00C04F79EFBC}") = "MigrationAssistant.Functions.QueryLoader.Tests", "test\MigrationAssistant.Functions.QueryLoader.Tests\MigrationAssistant.Functions.QueryLoader.Tests.csproj", "{7E63F781-27FB-47B6-BCCE-DFFD213DEB90}"
EndProject
Project("{FAE04EC0-301F-11D3-BF4B-00C04F79EFBC}") = "MigrationAssistant.Workbench", "src\MigrationAssistant.Workbench\MigrationAssistant.Workbench.csproj", "{F11A971C-8535-4507-B36A-E872CCB0620A}"
EndProject
Project("{FAE04EC0-301F-11D3-BF4B-00C04F79EFBC}") = "MigrationAssistant.Shared", "src\MigrationAssistant.Shared\MigrationAssistant.Shared.csproj", "{F4C95230-5FE2-4378-8A09-E6CAA961B59B}"
EndProject
Global
	GlobalSection(SolutionConfigurationPlatforms) = preSolution
		Debug|Any CPU = Debug|Any CPU
		Release|Any CPU = Release|Any CPU
	EndGlobalSection
	GlobalSection(SolutionProperties) = preSolution
		HideSolutionNode = FALSE
	EndGlobalSection
	GlobalSection(ProjectConfigurationPlatforms) = postSolution
		{93F31930-E2A8-4A6A-A9DB-A106F85AE0C8}.Debug|Any CPU.ActiveCfg = Debug|Any CPU
		{93F31930-E2A8-4A6A-A9DB-A106F85AE0C8}.Debug|Any CPU.Build.0 = Debug|Any CPU
		{93F31930-E2A8-4A6A-A9DB-A106F85AE0C8}.Release|Any CPU.ActiveCfg = Release|Any CPU
		{93F31930-E2A8-4A6A-A9DB-A106F85AE0C8}.Release|Any CPU.Build.0 = Release|Any CPU
		{106A854B-9990-4F8A-88B1-D145C2BF73DA}.Debug|Any CPU.ActiveCfg = Debug|Any CPU
		{106A854B-9990-4F8A-88B1-D145C2BF73DA}.Debug|Any CPU.Build.0 = Debug|Any CPU
		{106A854B-9990-4F8A-88B1-D145C2BF73DA}.Release|Any CPU.ActiveCfg = Release|Any CPU
		{106A854B-9990-4F8A-88B1-D145C2BF73DA}.Release|Any CPU.Build.0 = Release|Any CPU
		{7E63F781-27FB-47B6-BCCE-DFFD213DEB90}.Debug|Any CPU.ActiveCfg = Debug|Any CPU
		{7E63F781-27FB-47B6-BCCE-DFFD213DEB90}.Debug|Any CPU.Build.0 = Debug|Any CPU
		{7E63F781-27FB-47B6-BCCE-DFFD213DEB90}.Release|Any CPU.ActiveCfg = Release|Any CPU
		{7E63F781-27FB-47B6-BCCE-DFFD213DEB90}.Release|Any CPU.Build.0 = Release|Any CPU
		{F11A971C-8535-4507-B36A-E872CCB0620A}.Debug|Any CPU.ActiveCfg = Debug|Any CPU
		{F11A971C-8535-4507-B36A-E872CCB0620A}.Debug|Any CPU.Build.0 = Debug|Any CPU
		{F11A971C-8535-4507-B36A-E872CCB0620A}.Release|Any CPU.ActiveCfg = Release|Any CPU
		{F11A971C-8535-4507-B36A-E872CCB0620A}.Release|Any CPU.Build.0 = Release|Any CPU
		{F4C95230-5FE2-4378-8A09-E6CAA961B59B}.Debug|Any CPU.ActiveCfg = Debug|Any CPU
		{F4C95230-5FE2-4378-8A09-E6CAA961B59B}.Debug|Any CPU.Build.0 = Debug|Any CPU
		{F4C95230-5FE2-4378-8A09-E6CAA961B59B}.Release|Any CPU.ActiveCfg = Release|Any CPU
		{F4C95230-5FE2-4378-8A09-E6CAA961B59B}.Release|Any CPU.Build.0 = Release|Any CPU
	EndGlobalSection
	GlobalSection(NestedProjects) = preSolution
		{93F31930-E2A8-4A6A-A9DB-A106F85AE0C8} = {4024AF9B-9423-46E7-BBF3-DE727D92C60D}
		{106A854B-9990-4F8A-88B1-D145C2BF73DA} = {4024AF9B-9423-46E7-BBF3-DE727D92C60D}
		{7E63F781-27FB-47B6-BCCE-DFFD213DEB90} = {CC805768-1205-4460-80FC-3991CBC1A536}
		{F11A971C-8535-4507-B36A-E872CCB0620A} = {4024AF9B-9423-46E7-BBF3-DE727D92C60D}
		{F4C95230-5FE2-4378-8A09-E6CAA961B59B} = {4024AF9B-9423-46E7-BBF3-DE727D92C60D}
	EndGlobalSection
EndGlobal
